
Microsoft Visual Studio Solution File, Format Version 12.00
# Visual Studio Version 16
VisualStudioVersion = 16.0.29613.14
MinimumVisualStudioVersion = 10.0.40219.1
Project("{FAE04EC0-301F-11D3-BF4B-00C04F79EFBC}") = "1.0.4_Alan_Hesaplama", "1.0.4_Alan_Hesaplama\1.0.4_Alan_Hesaplama.csproj", "{DDCB312F-9378-4158-A3FB-D83D3BF6A76D}"
EndProject
Global
	GlobalSection(SolutionConfigurationPlatforms) = preSolution
		Debug|Any CPU = Debug|Any CPU
		Release|Any CPU = Release|Any CPU
	EndGlobalSection
	GlobalSection(ProjectConfigurationPlatforms) = postSolution
		{DDCB312F-9378-4158-A3FB-D83D3BF6A76D}.Debug|Any CPU.ActiveCfg = Debug|Any CPU
		{DDCB312F-9378-4158-A3FB-D83D3BF6A76D}.Debug|Any CPU.Build.0 = Debug|Any CPU
		{DDCB312F-9378-4158-A3FB-D83D3BF6A76D}.Release|Any CPU.ActiveCfg = Release|Any CPU
		{DDCB312F-9378-4158-A3FB-D83D3BF6A76D}.Release|Any CPU.Build.0 = Release|Any CPU
	EndGlobalSection
	GlobalSection(SolutionProperties) = preSolution
		HideSolutionNode = FALSE
	EndGlobalSection
	GlobalSection(ExtensibilityGlobals) = postSolution
		SolutionGuid = {CB9641F8-03AF-4006-BD4E-60F2F4B0F581}
	EndGlobalSection
EndGlobal
