
Microsoft Visual Studio Solution File, Format Version 12.00
# Visual Studio Version 16
VisualStudioVersion = 16.0.29613.14
MinimumVisualStudioVersion = 10.0.40219.1
Project("{FAE04EC0-301F-11D3-BF4B-00C04F79EFBC}") = "1.0.6_Formlar_Arasi_Gecis", "1.0.6_Formlar_Arasi_Gecis\1.0.6_Formlar_Arasi_Gecis.csproj", "{54D3FD3C-D2B5-4DFE-A75A-7AFAE6A4A16D}"
EndProject
Global
	GlobalSection(SolutionConfigurationPlatforms) = preSolution
		Debug|Any CPU = Debug|Any CPU
		Release|Any CPU = Release|Any CPU
	EndGlobalSection
	GlobalSection(ProjectConfigurationPlatforms) = postSolution
		{54D3FD3C-D2B5-4DFE-A75A-7AFAE6A4A16D}.Debug|Any CPU.ActiveCfg = Debug|Any CPU
		{54D3FD3C-D2B5-4DFE-A75A-7AFAE6A4A16D}.Debug|Any CPU.Build.0 = Debug|Any CPU
		{54D3FD3C-D2B5-4DFE-A75A-7AFAE6A4A16D}.Release|Any CPU.ActiveCfg = Release|Any CPU
		{54D3FD3C-D2B5-4DFE-A75A-7AFAE6A4A16D}.Release|Any CPU.Build.0 = Release|Any CPU
	EndGlobalSection
	GlobalSection(SolutionProperties) = preSolution
		HideSolutionNode = FALSE
	EndGlobalSection
	GlobalSection(ExtensibilityGlobals) = postSolution
		SolutionGuid = {2009EDE8-2E72-412C-AEC5-3849EA3FCC11}
	EndGlobalSection
EndGlobal
